{
  "name": "nooterra-agent-echo",
  "version": "0.1.0",
  "lockfileVersion": 3,
  "requires": true,
  "packages": {
    "": {
      "name": "nooterra-agent-echo",
      "version": "0.1.0",
      "dependencies": {
        "@nooterra/agent-sdk": "file:../../packages/nooterra-agent-sdk",
        "@nooterra/core": "file:../../packages/nooterra-core"
      }
    },
    "../../packages/nooterra-agent-sdk": {
      "name": "@nooterra/agent-sdk",
      "version": "0.1.0",
      "dependencies": {
        "bs58": "^5.0.0",
        "fastify": "^4.28.1",
        "node-fetch": "^3.3.2",
        "tweetnacl": "^1.0.3"
      },
      "bin": {
        "nooterra-agent-runtime": "dist/bin/runtime-cli.js"
      },
      "devDependencies": {
        "@types/node": "^22.9.3",
        "typescript": "^5.4.0"
      }
    },
    "../../packages/nooterra-core": {
      "version": "0.1.1",
      "dependencies": {
        "fastify": "^4.28.1",
        "node-fetch": "^3.3.2"
      },
      "devDependencies": {
        "@types/node": "^20.11.19",
        "typescript": "^5.4.0"
      }
    },
    "node_modules/@nooterra/agent-sdk": {
      "resolved": "../../packages/nooterra-agent-sdk",
      "link": true
    },
    "node_modules/@nooterra/core": {
      "resolved": "../../packages/nooterra-core",
      "link": true
    }
  }
}
