{
  "name": "nooterra-logistics-agents",
  "version": "0.1.0",
  "lockfileVersion": 3,
  "requires": true,
  "packages": {
    "": {
      "name": "nooterra-logistics-agents",
      "version": "0.1.0",
      "dependencies": {
        "@nooterra/core": "file:../../packages/nooterra-core"
      }
    },
    "../../packages/nooterra-core": {
      "name": "nooterra-core",
      "version": "0.1.1",
      "dependencies": {
        "fastify": "^4.28.1",
        "node-fetch": "^3.3.2"
      },
      "devDependencies": {
        "@types/node": "^20.11.19",
        "typescript": "^5.4.0"
      }
    },
    "node_modules/@nooterra/core": {
      "resolved": "../../packages/nooterra-core",
      "link": true
    }
  }
}
